
Microsoft Visual Studio Solution File, Format Version 12.00
# Visual Studio Version 17
VisualStudioVersion = 17.7.34024.191
MinimumVisualStudioVersion = 10.0.40219.1
Project("{FAE04EC0-301F-11D3-BF4B-00C04F79EFBC}") = "TestTask", "TestTask\TestTask.csproj", "{F983F333-7B82-4643-96D7-BFA98E756CAA}"
EndProject
Global
	GlobalSection(SolutionConfigurationPlatforms) = preSolution
		Debug|Any CPU = Debug|Any CPU
		Release|Any CPU = Release|Any CPU
	EndGlobalSection
	GlobalSection(ProjectConfigurationPlatforms) = postSolution
		{F983F333-7B82-4643-96D7-BFA98E756CAA}.Debug|Any CPU.ActiveCfg = Debug|Any CPU
		{F983F333-7B82-4643-96D7-BFA98E756CAA}.Debug|Any CPU.Build.0 = Debug|Any CPU
		{F983F333-7B82-4643-96D7-BFA98E756CAA}.Release|Any CPU.ActiveCfg = Release|Any CPU
		{F983F333-7B82-4643-96D7-BFA98E756CAA}.Release|Any CPU.Build.0 = Release|Any CPU
	EndGlobalSection
	GlobalSection(SolutionProperties) = preSolution
		HideSolutionNode = FALSE
	EndGlobalSection
	GlobalSection(ExtensibilityGlobals) = postSolution
		SolutionGuid = {EF01D5CF-B1B0-42BF-B83E-3F14D76C01E1}
	EndGlobalSection
EndGlobal
